
Microsoft Visual Studio Solution File, Format Version 12.00
# Visual Studio Version 17
VisualStudioVersion = 17.13.35825.156
MinimumVisualStudioVersion = 10.0.40219.1
Project("{FAE04EC0-301F-11D3-BF4B-00C04F79EFBC}") = "MouseTracker.Web", "MouseTracker.Web\MouseTracker.Web.csproj", "{FFFEAEA9-E8D9-4C34-BCAF-89463B6DFDE6}"
EndProject
Project("{FAE04EC0-301F-11D3-BF4B-00C04F79EFBC}") = "MouseTracker.Domain", "MouseTracker.Domain\MouseTracker.Domain.csproj", "{2F422560-F483-4C7A-A9C9-8C0882F57AD0}"
EndProject
Project("{FAE04EC0-301F-11D3-BF4B-00C04F79EFBC}") = "MouseTracker.Application", "MouseTracker.Application\MouseTracker.Application.csproj", "{1366610D-104A-4882-91FD-3D2828808C16}"
EndProject
Project("{FAE04EC0-301F-11D3-BF4B-00C04F79EFBC}") = "MouseTracker.Infrastructure", "MouseTracker.Infrastructure\MouseTracker.Infrastructure.csproj", "{5912D840-22C5-4643-9C3A-18C901AB6BAF}"
EndProject
Project("{FAE04EC0-301F-11D3-BF4B-00C04F79EFBC}") = "MouseTracker.Tests", "MouseTracker.Tests\MouseTracker.Tests.csproj", "{E752979F-3504-4F74-8B20-9138EAD4F90D}"
EndProject
Global
	GlobalSection(SolutionConfigurationPlatforms) = preSolution
		Debug|Any CPU = Debug|Any CPU
		Release|Any CPU = Release|Any CPU
	EndGlobalSection
	GlobalSection(ProjectConfigurationPlatforms) = postSolution
		{FFFEAEA9-E8D9-4C34-BCAF-89463B6DFDE6}.Debug|Any CPU.ActiveCfg = Debug|Any CPU
		{FFFEAEA9-E8D9-4C34-BCAF-89463B6DFDE6}.Debug|Any CPU.Build.0 = Debug|Any CPU
		{FFFEAEA9-E8D9-4C34-BCAF-89463B6DFDE6}.Release|Any CPU.ActiveCfg = Release|Any CPU
		{FFFEAEA9-E8D9-4C34-BCAF-89463B6DFDE6}.Release|Any CPU.Build.0 = Release|Any CPU
		{2F422560-F483-4C7A-A9C9-8C0882F57AD0}.Debug|Any CPU.ActiveCfg = Debug|Any CPU
		{2F422560-F483-4C7A-A9C9-8C0882F57AD0}.Debug|Any CPU.Build.0 = Debug|Any CPU
		{2F422560-F483-4C7A-A9C9-8C0882F57AD0}.Release|Any CPU.ActiveCfg = Release|Any CPU
		{2F422560-F483-4C7A-A9C9-8C0882F57AD0}.Release|Any CPU.Build.0 = Release|Any CPU
		{1366610D-104A-4882-91FD-3D2828808C16}.Debug|Any CPU.ActiveCfg = Debug|Any CPU
		{1366610D-104A-4882-91FD-3D2828808C16}.Debug|Any CPU.Build.0 = Debug|Any CPU
		{1366610D-104A-4882-91FD-3D2828808C16}.Release|Any CPU.ActiveCfg = Release|Any CPU
		{1366610D-104A-4882-91FD-3D2828808C16}.Release|Any CPU.Build.0 = Release|Any CPU
		{5912D840-22C5-4643-9C3A-18C901AB6BAF}.Debug|Any CPU.ActiveCfg = Debug|Any CPU
		{5912D840-22C5-4643-9C3A-18C901AB6BAF}.Debug|Any CPU.Build.0 = Debug|Any CPU
		{5912D840-22C5-4643-9C3A-18C901AB6BAF}.Release|Any CPU.ActiveCfg = Release|Any CPU
		{5912D840-22C5-4643-9C3A-18C901AB6BAF}.Release|Any CPU.Build.0 = Release|Any CPU
		{E752979F-3504-4F74-8B20-9138EAD4F90D}.Debug|Any CPU.ActiveCfg = Debug|Any CPU
		{E752979F-3504-4F74-8B20-9138EAD4F90D}.Debug|Any CPU.Build.0 = Debug|Any CPU
		{E752979F-3504-4F74-8B20-9138EAD4F90D}.Release|Any CPU.ActiveCfg = Release|Any CPU
		{E752979F-3504-4F74-8B20-9138EAD4F90D}.Release|Any CPU.Build.0 = Release|Any CPU
	EndGlobalSection
	GlobalSection(SolutionProperties) = preSolution
		HideSolutionNode = FALSE
	EndGlobalSection
	GlobalSection(ExtensibilityGlobals) = postSolution
		SolutionGuid = {E94FFD3C-2332-4574-AADC-59AE7F4192C2}
	EndGlobalSection
EndGlobal
