
Microsoft Visual Studio Solution File, Format Version 12.00
# Visual Studio Version 17
VisualStudioVersion = 17.13.35825.156 d17.13
MinimumVisualStudioVersion = 10.0.40219.1
Project("{FAE04EC0-301F-11D3-BF4B-00C04F79EFBC}") = "MouseTracker.Web", "MouseTracker.Web\MouseTracker.Web.csproj", "{FFFEAEA9-E8D9-4C34-BCAF-89463B6DFDE6}"
EndProject
Global
	GlobalSection(SolutionConfigurationPlatforms) = preSolution
		Debug|Any CPU = Debug|Any CPU
		Release|Any CPU = Release|Any CPU
	EndGlobalSection
	GlobalSection(ProjectConfigurationPlatforms) = postSolution
		{FFFEAEA9-E8D9-4C34-BCAF-89463B6DFDE6}.Debug|Any CPU.ActiveCfg = Debug|Any CPU
		{FFFEAEA9-E8D9-4C34-BCAF-89463B6DFDE6}.Debug|Any CPU.Build.0 = Debug|Any CPU
		{FFFEAEA9-E8D9-4C34-BCAF-89463B6DFDE6}.Release|Any CPU.ActiveCfg = Release|Any CPU
		{FFFEAEA9-E8D9-4C34-BCAF-89463B6DFDE6}.Release|Any CPU.Build.0 = Release|Any CPU
	EndGlobalSection
	GlobalSection(SolutionProperties) = preSolution
		HideSolutionNode = FALSE
	EndGlobalSection
	GlobalSection(ExtensibilityGlobals) = postSolution
		SolutionGuid = {E94FFD3C-2332-4574-AADC-59AE7F4192C2}
	EndGlobalSection
EndGlobal
